github.com/boltdb/bolt v1.3.1 h1:JQmyP4ZBrce+ZQu0dY660FMfatumYDLun9hBCUVIkF4=
github.com/boltdb/bolt v1.3.1/go.mod h1:clJnj/oiGkjum5o1McbSZDSLxVThjynRyGBgiAx27Ps=
github.com/devilcove/boltdb v0.1.5 h1:yqxKoJUgUthzMD6aD2jDLc4M02yD4SRhbS3kARhVUtg=
github.com/devilcove/boltdb v0.1.5/go.mod h1:eyp3/ugxxIAlFC5jRBOyCKgE3CGj5xhYoVhpWqyWy80=
go.etcd.io/bbolt v1.3.9 h1:8x7aARPEXiXbHmtUwAIv7eV2fQFHrLLavdiJ3uzJXoI=
go.etcd.io/bbolt v1.3.9/go.mod h1:zaO32+Ti0PK1ivdPtgMESzuzL2VPoIG1PCQNvOdo/dE=
golang.org/x/sys v0.13.0 h1:Af8nKPmuFypiUBjVoU9V20FiaFXOcuZI21p0ycVYYGE=
golang.org/x/sys v0.13.0/go.mod h1:oPkhp1MJrh7nUepCBck5+mAzfO9JrbApNNgaTdGDITg=
